{
  "name": "biome-tailwind-sorter",
  "version": "0.2.7",
  "lockfileVersion": 3,
  "requires": true,
  "packages": {
    "": {
      "name": "biome-tailwind-sorter",
      "version": "0.2.7",
      "license": "MIT",
      "bin": {
        "biome-tailwind-sorter": "target/release/biome-tailwind-sorter"
      },
      "engines": {
        "node": ">=16.0.0"
      }
    }
  }
}
